
Microsoft Visual Studio Solution File, Format Version 12.00
# Visual Studio Version 17
VisualStudioVersion = 17.3.32819.101
MinimumVisualStudioVersion = 10.0.40219.1
Project("{FAE04EC0-301F-11D3-BF4B-00C04F79EFBC}") = "DateSelections", "DateSelections\DateSelections.csproj", "{8E997754-C7B4-4CAF-98A1-B47ADD1668F0}"
EndProject
Global
	GlobalSection(SolutionConfigurationPlatforms) = preSolution
		Debug|Any CPU = Debug|Any CPU
		Release|Any CPU = Release|Any CPU
	EndGlobalSection
	GlobalSection(ProjectConfigurationPlatforms) = postSolution
		{8E997754-C7B4-4CAF-98A1-B47ADD1668F0}.Debug|Any CPU.ActiveCfg = Debug|Any CPU
		{8E997754-C7B4-4CAF-98A1-B47ADD1668F0}.Debug|Any CPU.Build.0 = Debug|Any CPU
		{8E997754-C7B4-4CAF-98A1-B47ADD1668F0}.Release|Any CPU.ActiveCfg = Release|Any CPU
		{8E997754-C7B4-4CAF-98A1-B47ADD1668F0}.Release|Any CPU.Build.0 = Release|Any CPU
	EndGlobalSection
	GlobalSection(SolutionProperties) = preSolution
		HideSolutionNode = FALSE
	EndGlobalSection
	GlobalSection(ExtensibilityGlobals) = postSolution
		SolutionGuid = {337921E6-46F0-4EC9-8655-8E08C8E89C80}
	EndGlobalSection
EndGlobal
